
Microsoft Visual Studio Solution File, Format Version 12.00
# Visual Studio Version 16
VisualStudioVersion = 16.0.31112.23
MinimumVisualStudioVersion = 10.0.40219.1
Project("{8BC9CEB8-8B4A-11D0-8D11-00A0C91BC942}") = "Pascal", "Pascal\Pascal.vcxproj", "{EABE1C22-1956-46EE-A03E-532D0BBF0120}"
EndProject
Global
	GlobalSection(SolutionConfigurationPlatforms) = preSolution
		Debug|x64 = Debug|x64
		Debug|x86 = Debug|x86
		Release|x64 = Release|x64
		Release|x86 = Release|x86
	EndGlobalSection
	GlobalSection(ProjectConfigurationPlatforms) = postSolution
		{EABE1C22-1956-46EE-A03E-532D0BBF0120}.Debug|x64.ActiveCfg = Debug|x64
		{EABE1C22-1956-46EE-A03E-532D0BBF0120}.Debug|x64.Build.0 = Debug|x64
		{EABE1C22-1956-46EE-A03E-532D0BBF0120}.Debug|x86.ActiveCfg = Debug|Win32
		{EABE1C22-1956-46EE-A03E-532D0BBF0120}.Debug|x86.Build.0 = Debug|Win32
		{EABE1C22-1956-46EE-A03E-532D0BBF0120}.Release|x64.ActiveCfg = Release|x64
		{EABE1C22-1956-46EE-A03E-532D0BBF0120}.Release|x64.Build.0 = Release|x64
		{EABE1C22-1956-46EE-A03E-532D0BBF0120}.Release|x86.ActiveCfg = Release|Win32
		{EABE1C22-1956-46EE-A03E-532D0BBF0120}.Release|x86.Build.0 = Release|Win32
	EndGlobalSection
	GlobalSection(SolutionProperties) = preSolution
		HideSolutionNode = FALSE
	EndGlobalSection
	GlobalSection(ExtensibilityGlobals) = postSolution
		SolutionGuid = {EE33CAA9-9F4D-431F-9391-75015DBA0428}
	EndGlobalSection
EndGlobal
