
Microsoft Visual Studio Solution File, Format Version 12.00
# Visual Studio Version 16
VisualStudioVersion = 16.0.31112.23
MinimumVisualStudioVersion = 10.0.40219.1
Project("{8BC9CEB8-8B4A-11D0-8D11-00A0C91BC942}") = "Tree", "Tree\Tree.vcxproj", "{487CEB00-B43F-455E-A867-24345050DFAB}"
EndProject
Global
	GlobalSection(SolutionConfigurationPlatforms) = preSolution
		Debug|x64 = Debug|x64
		Debug|x86 = Debug|x86
		Release|x64 = Release|x64
		Release|x86 = Release|x86
	EndGlobalSection
	GlobalSection(ProjectConfigurationPlatforms) = postSolution
		{487CEB00-B43F-455E-A867-24345050DFAB}.Debug|x64.ActiveCfg = Debug|x64
		{487CEB00-B43F-455E-A867-24345050DFAB}.Debug|x64.Build.0 = Debug|x64
		{487CEB00-B43F-455E-A867-24345050DFAB}.Debug|x86.ActiveCfg = Debug|Win32
		{487CEB00-B43F-455E-A867-24345050DFAB}.Debug|x86.Build.0 = Debug|Win32
		{487CEB00-B43F-455E-A867-24345050DFAB}.Release|x64.ActiveCfg = Release|x64
		{487CEB00-B43F-455E-A867-24345050DFAB}.Release|x64.Build.0 = Release|x64
		{487CEB00-B43F-455E-A867-24345050DFAB}.Release|x86.ActiveCfg = Release|Win32
		{487CEB00-B43F-455E-A867-24345050DFAB}.Release|x86.Build.0 = Release|Win32
	EndGlobalSection
	GlobalSection(SolutionProperties) = preSolution
		HideSolutionNode = FALSE
	EndGlobalSection
	GlobalSection(ExtensibilityGlobals) = postSolution
		SolutionGuid = {C8172F6A-EA90-40C5-8D1F-26F20C49CFA7}
	EndGlobalSection
EndGlobal
