
Microsoft Visual Studio Solution File, Format Version 12.00
# Visual Studio Version 16
VisualStudioVersion = 16.0.31112.23
MinimumVisualStudioVersion = 10.0.40219.1
Project("{8BC9CEB8-8B4A-11D0-8D11-00A0C91BC942}") = "Stack", "Stack\Stack.vcxproj", "{EC653D1B-4D22-4CF7-99D1-B30C525665D3}"
EndProject
Project("{8BC9CEB8-8B4A-11D0-8D11-00A0C91BC942}") = "ReverseOut", "ReverseOut\ReverseInt.vcxproj", "{7A58EB9B-0DBF-4DE1-BA9D-14DE912144D9}"
EndProject
Project("{8BC9CEB8-8B4A-11D0-8D11-00A0C91BC942}") = "ReverseJustInt", "ReverseJustInt\ReverseJustInt.vcxproj", "{F7F923F4-2AAF-45A9-A2D3-FA3B438DA4AB}"
EndProject
Global
	GlobalSection(SolutionConfigurationPlatforms) = preSolution
		Debug|x64 = Debug|x64
		Debug|x86 = Debug|x86
		Release|x64 = Release|x64
		Release|x86 = Release|x86
	EndGlobalSection
	GlobalSection(ProjectConfigurationPlatforms) = postSolution
		{EC653D1B-4D22-4CF7-99D1-B30C525665D3}.Debug|x64.ActiveCfg = Debug|x64
		{EC653D1B-4D22-4CF7-99D1-B30C525665D3}.Debug|x64.Build.0 = Debug|x64
		{EC653D1B-4D22-4CF7-99D1-B30C525665D3}.Debug|x86.ActiveCfg = Debug|Win32
		{EC653D1B-4D22-4CF7-99D1-B30C525665D3}.Debug|x86.Build.0 = Debug|Win32
		{EC653D1B-4D22-4CF7-99D1-B30C525665D3}.Release|x64.ActiveCfg = Release|x64
		{EC653D1B-4D22-4CF7-99D1-B30C525665D3}.Release|x64.Build.0 = Release|x64
		{EC653D1B-4D22-4CF7-99D1-B30C525665D3}.Release|x86.ActiveCfg = Release|Win32
		{EC653D1B-4D22-4CF7-99D1-B30C525665D3}.Release|x86.Build.0 = Release|Win32
		{7A58EB9B-0DBF-4DE1-BA9D-14DE912144D9}.Debug|x64.ActiveCfg = Debug|x64
		{7A58EB9B-0DBF-4DE1-BA9D-14DE912144D9}.Debug|x64.Build.0 = Debug|x64
		{7A58EB9B-0DBF-4DE1-BA9D-14DE912144D9}.Debug|x86.ActiveCfg = Debug|Win32
		{7A58EB9B-0DBF-4DE1-BA9D-14DE912144D9}.Debug|x86.Build.0 = Debug|Win32
		{7A58EB9B-0DBF-4DE1-BA9D-14DE912144D9}.Release|x64.ActiveCfg = Release|x64
		{7A58EB9B-0DBF-4DE1-BA9D-14DE912144D9}.Release|x64.Build.0 = Release|x64
		{7A58EB9B-0DBF-4DE1-BA9D-14DE912144D9}.Release|x86.ActiveCfg = Release|Win32
		{7A58EB9B-0DBF-4DE1-BA9D-14DE912144D9}.Release|x86.Build.0 = Release|Win32
		{F7F923F4-2AAF-45A9-A2D3-FA3B438DA4AB}.Debug|x64.ActiveCfg = Debug|x64
		{F7F923F4-2AAF-45A9-A2D3-FA3B438DA4AB}.Debug|x64.Build.0 = Debug|x64
		{F7F923F4-2AAF-45A9-A2D3-FA3B438DA4AB}.Debug|x86.ActiveCfg = Debug|Win32
		{F7F923F4-2AAF-45A9-A2D3-FA3B438DA4AB}.Debug|x86.Build.0 = Debug|Win32
		{F7F923F4-2AAF-45A9-A2D3-FA3B438DA4AB}.Release|x64.ActiveCfg = Release|x64
		{F7F923F4-2AAF-45A9-A2D3-FA3B438DA4AB}.Release|x64.Build.0 = Release|x64
		{F7F923F4-2AAF-45A9-A2D3-FA3B438DA4AB}.Release|x86.ActiveCfg = Release|Win32
		{F7F923F4-2AAF-45A9-A2D3-FA3B438DA4AB}.Release|x86.Build.0 = Release|Win32
	EndGlobalSection
	GlobalSection(SolutionProperties) = preSolution
		HideSolutionNode = FALSE
	EndGlobalSection
	GlobalSection(ExtensibilityGlobals) = postSolution
		SolutionGuid = {7AAB1E4D-7123-4064-9A2E-FE993F454C6B}
	EndGlobalSection
EndGlobal
